
Microsoft Visual Studio Solution File, Format Version 11.00
# Visual Studio 2010
Project("{FAE04EC0-301F-11D3-BF4B-00C04F79EFBC}") = "eCraft.appFactory.appFactoryService", "eCraft.appFactory.appFactoryService\eCraft.appFactory.appFactoryService.csproj", "{6CF52C78-2D88-4F5E-90B2-48EF20994DDE}"
EndProject
Global
	GlobalSection(SolutionConfigurationPlatforms) = preSolution
		Debug|Any CPU = Debug|Any CPU
		Debug|x86 = Debug|x86
		Release|Any CPU = Release|Any CPU
		Release|x86 = Release|x86
	EndGlobalSection
	GlobalSection(ProjectConfigurationPlatforms) = postSolution
		{6CF52C78-2D88-4F5E-90B2-48EF20994DDE}.Debug|Any CPU.ActiveCfg = Debug|Any CPU
		{6CF52C78-2D88-4F5E-90B2-48EF20994DDE}.Debug|Any CPU.Build.0 = Debug|Any CPU
		{6CF52C78-2D88-4F5E-90B2-48EF20994DDE}.Debug|x86.ActiveCfg = Debug|Any CPU
		{6CF52C78-2D88-4F5E-90B2-48EF20994DDE}.Debug|x86.Build.0 = Debug|Any CPU
		{6CF52C78-2D88-4F5E-90B2-48EF20994DDE}.Release|Any CPU.ActiveCfg = Release|Any CPU
		{6CF52C78-2D88-4F5E-90B2-48EF20994DDE}.Release|Any CPU.Build.0 = Release|Any CPU
		{6CF52C78-2D88-4F5E-90B2-48EF20994DDE}.Release|x86.ActiveCfg = Release|Any CPU
		{6CF52C78-2D88-4F5E-90B2-48EF20994DDE}.Release|x86.Build.0 = Release|Any CPU
	EndGlobalSection
	GlobalSection(SolutionProperties) = preSolution
		HideSolutionNode = FALSE
	EndGlobalSection
EndGlobal
